
Microsoft Visual Studio Solution File, Format Version 12.00
# Visual Studio Version 16
VisualStudioVersion = 16.0.31410.357
MinimumVisualStudioVersion = 10.0.40219.1
Project("{9A19103F-16F7-4668-BE54-9A1E7A4F7556}") = "RegexUserRegistration", "RegexUserRegistration\RegexUserRegistration.csproj", "{EB708CF9-5856-4AD7-8C82-1A1CA7B167C6}"
EndProject
Project("{FAE04EC0-301F-11D3-BF4B-00C04F79EFBC}") = "UserRegistrationMSTest", "UserRegistrationMSTest\UserRegistrationMSTest.csproj", "{4EBF3C37-BAB2-481C-8712-51C1A34A93B1}"
EndProject
Global
	GlobalSection(SolutionConfigurationPlatforms) = preSolution
		Debug|Any CPU = Debug|Any CPU
		Release|Any CPU = Release|Any CPU
	EndGlobalSection
	GlobalSection(ProjectConfigurationPlatforms) = postSolution
		{EB708CF9-5856-4AD7-8C82-1A1CA7B167C6}.Debug|Any CPU.ActiveCfg = Debug|Any CPU
		{EB708CF9-5856-4AD7-8C82-1A1CA7B167C6}.Debug|Any CPU.Build.0 = Debug|Any CPU
		{EB708CF9-5856-4AD7-8C82-1A1CA7B167C6}.Release|Any CPU.ActiveCfg = Release|Any CPU
		{EB708CF9-5856-4AD7-8C82-1A1CA7B167C6}.Release|Any CPU.Build.0 = Release|Any CPU
		{4EBF3C37-BAB2-481C-8712-51C1A34A93B1}.Debug|Any CPU.ActiveCfg = Debug|Any CPU
		{4EBF3C37-BAB2-481C-8712-51C1A34A93B1}.Debug|Any CPU.Build.0 = Debug|Any CPU
		{4EBF3C37-BAB2-481C-8712-51C1A34A93B1}.Release|Any CPU.ActiveCfg = Release|Any CPU
		{4EBF3C37-BAB2-481C-8712-51C1A34A93B1}.Release|Any CPU.Build.0 = Release|Any CPU
	EndGlobalSection
	GlobalSection(SolutionProperties) = preSolution
		HideSolutionNode = FALSE
	EndGlobalSection
	GlobalSection(ExtensibilityGlobals) = postSolution
		SolutionGuid = {DCECF5E8-2556-4B3B-8C82-6D6E73FD4883}
	EndGlobalSection
EndGlobal
